
Microsoft Visual Studio Solution File, Format Version 12.00
# Visual Studio Version 17
VisualStudioVersion = 17.13.35913.81 d17.13
MinimumVisualStudioVersion = 10.0.40219.1
Project("{FAE04EC0-301F-11D3-BF4B-00C04F79EFBC}") = "MapperGangNET8", "MapperGangNET8\MapperGangNET8.csproj", "{240D0E2C-CDC3-4A38-885A-1DDAD992E0EC}"
EndProject
Global
	GlobalSection(SolutionConfigurationPlatforms) = preSolution
		Debug|Any CPU = Debug|Any CPU
		Release|Any CPU = Release|Any CPU
	EndGlobalSection
	GlobalSection(ProjectConfigurationPlatforms) = postSolution
		{240D0E2C-CDC3-4A38-885A-1DDAD992E0EC}.Debug|Any CPU.ActiveCfg = Debug|Any CPU
		{240D0E2C-CDC3-4A38-885A-1DDAD992E0EC}.Debug|Any CPU.Build.0 = Debug|Any CPU
		{240D0E2C-CDC3-4A38-885A-1DDAD992E0EC}.Release|Any CPU.ActiveCfg = Release|Any CPU
		{240D0E2C-CDC3-4A38-885A-1DDAD992E0EC}.Release|Any CPU.Build.0 = Release|Any CPU
	EndGlobalSection
	GlobalSection(SolutionProperties) = preSolution
		HideSolutionNode = FALSE
	EndGlobalSection
	GlobalSection(ExtensibilityGlobals) = postSolution
		SolutionGuid = {1261367F-110C-4AC1-9E7F-F59F4CCAC7B0}
	EndGlobalSection
EndGlobal
